// !$*UTF8*$!
{
	archiveVersion = 1;
	classes = {
	};
	objectVersion = 45;
	objects = {

/* Begin PBXBuildFile section */
		22293A5B128CA23900807DAE /* Alignment.cpp in Sources */ = {isa = PBXBuildFile; fileRef = 22293A59128CA23900807DAE /* Alignment.cpp */; };
		22293A60128CA24500807DAE /* MbRandom.cpp in Sources */ = {isa = PBXBuildFile; fileRef = 22293A5E128CA24500807DAE /* MbRandom.cpp */; };
		22293A65128CA25500807DAE /* Settings.cpp in Sources */ = {isa = PBXBuildFile; fileRef = 22293A63128CA25500807DAE /* Settings.cpp */; };
		22293A73128CA3B600807DAE /* Model.cpp in Sources */ = {isa = PBXBuildFile; fileRef = 22293A71128CA3B600807DAE /* Model.cpp */; };
		22293A78128CA45800807DAE /* Chunk.cpp in Sources */ = {isa = PBXBuildFile; fileRef = 22293A77128CA45800807DAE /* Chunk.cpp */; };
		22293AB0128CAD0800807DAE /* MbEigensystem.cpp in Sources */ = {isa = PBXBuildFile; fileRef = 22293AAA128CAD0800807DAE /* MbEigensystem.cpp */; };
		22293AB1128CAD0800807DAE /* MbMath.cpp in Sources */ = {isa = PBXBuildFile; fileRef = 22293AAC128CAD0800807DAE /* MbMath.cpp */; };
		22293AB2128CAD0800807DAE /* MbTransitionMatrix.cpp in Sources */ = {isa = PBXBuildFile; fileRef = 22293AAE128CAD0800807DAE /* MbTransitionMatrix.cpp */; };
		22293AFE128CAF3000807DAE /* Parm.cpp in Sources */ = {isa = PBXBuildFile; fileRef = 22293AF2128CAF3000807DAE /* Parm.cpp */; };
		22293AFF128CAF3000807DAE /* ParmAsrv.cpp in Sources */ = {isa = PBXBuildFile; fileRef = 22293AF4128CAF3000807DAE /* ParmAsrv.cpp */; };
		22293B00128CAF3000807DAE /* ParmFreqs.cpp in Sources */ = {isa = PBXBuildFile; fileRef = 22293AF6128CAF3000807DAE /* ParmFreqs.cpp */; };
		22293B01128CAF3000807DAE /* ParmLength.cpp in Sources */ = {isa = PBXBuildFile; fileRef = 22293AF8128CAF3000807DAE /* ParmLength.cpp */; };
		22293B02128CAF3000807DAE /* ParmSubrates.cpp in Sources */ = {isa = PBXBuildFile; fileRef = 22293AFA128CAF3000807DAE /* ParmSubrates.cpp */; };
		22293B03128CAF3000807DAE /* ParmTree.cpp in Sources */ = {isa = PBXBuildFile; fileRef = 22293AFC128CAF3000807DAE /* ParmTree.cpp */; };
		22293B13128CAF8D00807DAE /* StateSets.cpp in Sources */ = {isa = PBXBuildFile; fileRef = 22293B11128CAF8D00807DAE /* StateSets.cpp */; };
		22293BA4128CB5DE00807DAE /* Table.cpp in Sources */ = {isa = PBXBuildFile; fileRef = 22293BA3128CB5DE00807DAE /* Table.cpp */; };
		22293BD0128CBA2C00807DAE /* Restaurant.cpp in Sources */ = {isa = PBXBuildFile; fileRef = 22293BCF128CBA2C00807DAE /* Restaurant.cpp */; };
		22293C80128CCD8B00807DAE /* Mcmc.cpp in Sources */ = {isa = PBXBuildFile; fileRef = 22293C7F128CCD8B00807DAE /* Mcmc.cpp */; };
		22F9310512A6D9E2004E3A62 /* Partition.cpp in Sources */ = {isa = PBXBuildFile; fileRef = 22F9310312A6D9E2004E3A62 /* Partition.cpp */; };
		22F9310A12A6D9F4004E3A62 /* Hungarian.cpp in Sources */ = {isa = PBXBuildFile; fileRef = 22F9310812A6D9F4004E3A62 /* Hungarian.cpp */; };
		8DD76F650486A84900D96B5E /* main.cpp in Sources */ = {isa = PBXBuildFile; fileRef = 08FB7796FE84155DC02AAC07 /* main.cpp */; settings = {ATTRIBUTES = (); }; };
		8DD76F6A0486A84900D96B5E /* AutoParts.1 in CopyFiles */ = {isa = PBXBuildFile; fileRef = C6859E8B029090EE04C91782 /* AutoParts.1 */; };
/* End PBXBuildFile section */

/* Begin PBXCopyFilesBuildPhase section */
		8DD76F690486A84900D96B5E /* CopyFiles */ = {
			isa = PBXCopyFilesBuildPhase;
			buildActionMask = 8;
			dstPath = /usr/share/man/man1/;
			dstSubfolderSpec = 0;
			files = (
				8DD76F6A0486A84900D96B5E /* AutoParts.1 in CopyFiles */,
			);
			runOnlyForDeploymentPostprocessing = 1;
		};
/* End PBXCopyFilesBuildPhase section */

/* Begin PBXFileReference section */
		08FB7796FE84155DC02AAC07 /* main.cpp */ = {isa = PBXFileReference; fileEncoding = 4; lastKnownFileType = sourcecode.cpp.cpp; path = main.cpp; sourceTree = "<group>"; };
		22293A59128CA23900807DAE /* Alignment.cpp */ = {isa = PBXFileReference; fileEncoding = 4; lastKnownFileType = sourcecode.cpp.cpp; path = Alignment.cpp; sourceTree = "<group>"; };
		22293A5A128CA23900807DAE /* Alignment.h */ = {isa = PBXFileReference; fileEncoding = 4; lastKnownFileType = sourcecode.c.h; path = Alignment.h; sourceTree = "<group>"; };
		22293A5E128CA24500807DAE /* MbRandom.cpp */ = {isa = PBXFileReference; fileEncoding = 4; lastKnownFileType = sourcecode.cpp.cpp; path = MbRandom.cpp; sourceTree = "<group>"; };
		22293A5F128CA24500807DAE /* MbRandom.h */ = {isa = PBXFileReference; fileEncoding = 4; lastKnownFileType = sourcecode.c.h; path = MbRandom.h; sourceTree = "<group>"; };
		22293A63128CA25500807DAE /* Settings.cpp */ = {isa = PBXFileReference; fileEncoding = 4; lastKnownFileType = sourcecode.cpp.cpp; path = Settings.cpp; sourceTree = "<group>"; };
		22293A64128CA25500807DAE /* Settings.h */ = {isa = PBXFileReference; fileEncoding = 4; lastKnownFileType = sourcecode.c.h; path = Settings.h; sourceTree = "<group>"; };
		22293A71128CA3B600807DAE /* Model.cpp */ = {isa = PBXFileReference; fileEncoding = 4; lastKnownFileType = sourcecode.cpp.cpp; path = Model.cpp; sourceTree = "<group>"; };
		22293A72128CA3B600807DAE /* Model.h */ = {isa = PBXFileReference; fileEncoding = 4; lastKnownFileType = sourcecode.c.h; path = Model.h; sourceTree = "<group>"; };
		22293A76128CA45800807DAE /* Chunk.h */ = {isa = PBXFileReference; fileEncoding = 4; lastKnownFileType = sourcecode.c.h; path = Chunk.h; sourceTree = "<group>"; };
		22293A77128CA45800807DAE /* Chunk.cpp */ = {isa = PBXFileReference; fileEncoding = 4; lastKnownFileType = sourcecode.cpp.cpp; path = Chunk.cpp; sourceTree = "<group>"; };
		22293AA7128CACCB00807DAE /* MbMatrix.h */ = {isa = PBXFileReference; fileEncoding = 4; lastKnownFileType = sourcecode.c.h; path = MbMatrix.h; sourceTree = "<group>"; };
		22293AAA128CAD0800807DAE /* MbEigensystem.cpp */ = {isa = PBXFileReference; fileEncoding = 4; lastKnownFileType = sourcecode.cpp.cpp; path = MbEigensystem.cpp; sourceTree = "<group>"; };
		22293AAB128CAD0800807DAE /* MbEigensystem.h */ = {isa = PBXFileReference; fileEncoding = 4; lastKnownFileType = sourcecode.c.h; path = MbEigensystem.h; sourceTree = "<group>"; };
		22293AAC128CAD0800807DAE /* MbMath.cpp */ = {isa = PBXFileReference; fileEncoding = 4; lastKnownFileType = sourcecode.cpp.cpp; path = MbMath.cpp; sourceTree = "<group>"; };
		22293AAD128CAD0800807DAE /* MbMath.h */ = {isa = PBXFileReference; fileEncoding = 4; lastKnownFileType = sourcecode.c.h; path = MbMath.h; sourceTree = "<group>"; };
		22293AAE128CAD0800807DAE /* MbTransitionMatrix.cpp */ = {isa = PBXFileReference; fileEncoding = 4; lastKnownFileType = sourcecode.cpp.cpp; path = MbTransitionMatrix.cpp; sourceTree = "<group>"; };
		22293AAF128CAD0800807DAE /* MbTransitionMatrix.h */ = {isa = PBXFileReference; fileEncoding = 4; lastKnownFileType = sourcecode.c.h; path = MbTransitionMatrix.h; sourceTree = "<group>"; };
		22293AF2128CAF3000807DAE /* Parm.cpp */ = {isa = PBXFileReference; fileEncoding = 4; lastKnownFileType = sourcecode.cpp.cpp; path = Parm.cpp; sourceTree = "<group>"; };
		22293AF3128CAF3000807DAE /* Parm.h */ = {isa = PBXFileReference; fileEncoding = 4; lastKnownFileType = sourcecode.c.h; path = Parm.h; sourceTree = "<group>"; };
		22293AF4128CAF3000807DAE /* ParmAsrv.cpp */ = {isa = PBXFileReference; fileEncoding = 4; lastKnownFileType = sourcecode.cpp.cpp; path = ParmAsrv.cpp; sourceTree = "<group>"; };
		22293AF5128CAF3000807DAE /* ParmAsrv.h */ = {isa = PBXFileReference; fileEncoding = 4; lastKnownFileType = sourcecode.c.h; path = ParmAsrv.h; sourceTree = "<group>"; };
		22293AF6128CAF3000807DAE /* ParmFreqs.cpp */ = {isa = PBXFileReference; fileEncoding = 4; lastKnownFileType = sourcecode.cpp.cpp; path = ParmFreqs.cpp; sourceTree = "<group>"; };
		22293AF7128CAF3000807DAE /* ParmFreqs.h */ = {isa = PBXFileReference; fileEncoding = 4; lastKnownFileType = sourcecode.c.h; path = ParmFreqs.h; sourceTree = "<group>"; };
		22293AF8128CAF3000807DAE /* ParmLength.cpp */ = {isa = PBXFileReference; fileEncoding = 4; lastKnownFileType = sourcecode.cpp.cpp; path = ParmLength.cpp; sourceTree = "<group>"; };
		22293AF9128CAF3000807DAE /* ParmLength.h */ = {isa = PBXFileReference; fileEncoding = 4; lastKnownFileType = sourcecode.c.h; path = ParmLength.h; sourceTree = "<group>"; };
		22293AFA128CAF3000807DAE /* ParmSubrates.cpp */ = {isa = PBXFileReference; fileEncoding = 4; lastKnownFileType = sourcecode.cpp.cpp; path = ParmSubrates.cpp; sourceTree = "<group>"; };
		22293AFB128CAF3000807DAE /* ParmSubrates.h */ = {isa = PBXFileReference; fileEncoding = 4; lastKnownFileType = sourcecode.c.h; path = ParmSubrates.h; sourceTree = "<group>"; };
		22293AFC128CAF3000807DAE /* ParmTree.cpp */ = {isa = PBXFileReference; fileEncoding = 4; lastKnownFileType = sourcecode.cpp.cpp; path = ParmTree.cpp; sourceTree = "<group>"; };
		22293AFD128CAF3000807DAE /* ParmTree.h */ = {isa = PBXFileReference; fileEncoding = 4; lastKnownFileType = sourcecode.c.h; path = ParmTree.h; sourceTree = "<group>"; };
		22293B11128CAF8D00807DAE /* StateSets.cpp */ = {isa = PBXFileReference; fileEncoding = 4; lastKnownFileType = sourcecode.cpp.cpp; path = StateSets.cpp; sourceTree = "<group>"; };
		22293B12128CAF8D00807DAE /* StateSets.h */ = {isa = PBXFileReference; fileEncoding = 4; lastKnownFileType = sourcecode.c.h; path = StateSets.h; sourceTree = "<group>"; };
		22293BA2128CB5DE00807DAE /* Table.h */ = {isa = PBXFileReference; fileEncoding = 4; lastKnownFileType = sourcecode.c.h; path = Table.h; sourceTree = "<group>"; };
		22293BA3128CB5DE00807DAE /* Table.cpp */ = {isa = PBXFileReference; fileEncoding = 4; lastKnownFileType = sourcecode.cpp.cpp; path = Table.cpp; sourceTree = "<group>"; };
		22293BB7128CB7AB00807DAE /* Util.h */ = {isa = PBXFileReference; fileEncoding = 4; lastKnownFileType = sourcecode.c.h; path = Util.h; sourceTree = "<group>"; };
		22293BCE128CBA2C00807DAE /* Restaurant.h */ = {isa = PBXFileReference; fileEncoding = 4; lastKnownFileType = sourcecode.c.h; path = Restaurant.h; sourceTree = "<group>"; };
		22293BCF128CBA2C00807DAE /* Restaurant.cpp */ = {isa = PBXFileReference; fileEncoding = 4; lastKnownFileType = sourcecode.cpp.cpp; path = Restaurant.cpp; sourceTree = "<group>"; };
		22293C7E128CCD8B00807DAE /* Mcmc.h */ = {isa = PBXFileReference; fileEncoding = 4; lastKnownFileType = sourcecode.c.h; path = Mcmc.h; sourceTree = "<group>"; };
		22293C7F128CCD8B00807DAE /* Mcmc.cpp */ = {isa = PBXFileReference; fileEncoding = 4; lastKnownFileType = sourcecode.cpp.cpp; path = Mcmc.cpp; sourceTree = "<group>"; };
		22A3A9B2129D8E7A0089A7DB /* logsum.h */ = {isa = PBXFileReference; fileEncoding = 4; lastKnownFileType = sourcecode.c.h; path = logsum.h; sourceTree = "<group>"; };
		22F9310312A6D9E2004E3A62 /* Partition.cpp */ = {isa = PBXFileReference; fileEncoding = 4; lastKnownFileType = sourcecode.cpp.cpp; path = Partition.cpp; sourceTree = "<group>"; };
		22F9310412A6D9E2004E3A62 /* Partition.h */ = {isa = PBXFileReference; fileEncoding = 4; lastKnownFileType = sourcecode.c.h; path = Partition.h; sourceTree = "<group>"; };
		22F9310812A6D9F4004E3A62 /* Hungarian.cpp */ = {isa = PBXFileReference; fileEncoding = 4; lastKnownFileType = sourcecode.cpp.cpp; path = Hungarian.cpp; sourceTree = "<group>"; };
		22F9310912A6D9F4004E3A62 /* Hungarian.h */ = {isa = PBXFileReference; fileEncoding = 4; lastKnownFileType = sourcecode.c.h; path = Hungarian.h; sourceTree = "<group>"; };
		8DD76F6C0486A84900D96B5E /* AutoParts */ = {isa = PBXFileReference; explicitFileType = "compiled.mach-o.executable"; includeInIndex = 0; path = AutoParts; sourceTree = BUILT_PRODUCTS_DIR; };
		C6859E8B029090EE04C91782 /* AutoParts.1 */ = {isa = PBXFileReference; lastKnownFileType = text.man; path = AutoParts.1; sourceTree = "<group>"; };
/* End PBXFileReference section */

/* Begin PBXFrameworksBuildPhase section */
		8DD76F660486A84900D96B5E /* Frameworks */ = {
			isa = PBXFrameworksBuildPhase;
			buildActionMask = 2147483647;
			files = (
			);
			runOnlyForDeploymentPostprocessing = 0;
		};
/* End PBXFrameworksBuildPhase section */

/* Begin PBXGroup section */
		08FB7794FE84155DC02AAC07 /* AutoParts */ = {
			isa = PBXGroup;
			children = (
				08FB7795FE84155DC02AAC07 /* Source */,
				C6859E8C029090F304C91782 /* Documentation */,
				1AB674ADFE9D54B511CA2CBB /* Products */,
			);
			name = AutoParts;
			sourceTree = "<group>";
		};
		08FB7795FE84155DC02AAC07 /* Source */ = {
			isa = PBXGroup;
			children = (
				08FB7796FE84155DC02AAC07 /* main.cpp */,
				22293A5A128CA23900807DAE /* Alignment.h */,
				22293A59128CA23900807DAE /* Alignment.cpp */,
				22293A76128CA45800807DAE /* Chunk.h */,
				22293A77128CA45800807DAE /* Chunk.cpp */,
				22F9310912A6D9F4004E3A62 /* Hungarian.h */,
				22F9310812A6D9F4004E3A62 /* Hungarian.cpp */,
				22A3A9B2129D8E7A0089A7DB /* logsum.h */,
				22293AAB128CAD0800807DAE /* MbEigensystem.h */,
				22293AAA128CAD0800807DAE /* MbEigensystem.cpp */,
				22293AAD128CAD0800807DAE /* MbMath.h */,
				22293AAC128CAD0800807DAE /* MbMath.cpp */,
				22293AA7128CACCB00807DAE /* MbMatrix.h */,
				22293A5F128CA24500807DAE /* MbRandom.h */,
				22293A5E128CA24500807DAE /* MbRandom.cpp */,
				22293AAF128CAD0800807DAE /* MbTransitionMatrix.h */,
				22293AAE128CAD0800807DAE /* MbTransitionMatrix.cpp */,
				22293C7E128CCD8B00807DAE /* Mcmc.h */,
				22293C7F128CCD8B00807DAE /* Mcmc.cpp */,
				22293A72128CA3B600807DAE /* Model.h */,
				22293A71128CA3B600807DAE /* Model.cpp */,
				22293AF3128CAF3000807DAE /* Parm.h */,
				22293AF2128CAF3000807DAE /* Parm.cpp */,
				22293AF5128CAF3000807DAE /* ParmAsrv.h */,
				22293AF4128CAF3000807DAE /* ParmAsrv.cpp */,
				22293AF7128CAF3000807DAE /* ParmFreqs.h */,
				22293AF6128CAF3000807DAE /* ParmFreqs.cpp */,
				22293AF9128CAF3000807DAE /* ParmLength.h */,
				22293AF8128CAF3000807DAE /* ParmLength.cpp */,
				22293AFB128CAF3000807DAE /* ParmSubrates.h */,
				22293AFA128CAF3000807DAE /* ParmSubrates.cpp */,
				22293AFD128CAF3000807DAE /* ParmTree.h */,
				22293AFC128CAF3000807DAE /* ParmTree.cpp */,
				22F9310412A6D9E2004E3A62 /* Partition.h */,
				22F9310312A6D9E2004E3A62 /* Partition.cpp */,
				22293BCE128CBA2C00807DAE /* Restaurant.h */,
				22293BCF128CBA2C00807DAE /* Restaurant.cpp */,
				22293A64128CA25500807DAE /* Settings.h */,
				22293A63128CA25500807DAE /* Settings.cpp */,
				22293B12128CAF8D00807DAE /* StateSets.h */,
				22293B11128CAF8D00807DAE /* StateSets.cpp */,
				22293BA2128CB5DE00807DAE /* Table.h */,
				22293BA3128CB5DE00807DAE /* Table.cpp */,
				22293BB7128CB7AB00807DAE /* Util.h */,
			);
			name = Source;
			sourceTree = "<group>";
		};
		1AB674ADFE9D54B511CA2CBB /* Products */ = {
			isa = PBXGroup;
			children = (
				8DD76F6C0486A84900D96B5E /* AutoParts */,
			);
			name = Products;
			sourceTree = "<group>";
		};
		C6859E8C029090F304C91782 /* Documentation */ = {
			isa = PBXGroup;
			children = (
				C6859E8B029090EE04C91782 /* AutoParts.1 */,
			);
			name = Documentation;
			sourceTree = "<group>";
		};
/* End PBXGroup section */

/* Begin PBXNativeTarget section */
		8DD76F620486A84900D96B5E /* AutoParts */ = {
			isa = PBXNativeTarget;
			buildConfigurationList = 1DEB923108733DC60010E9CD /* Build configuration list for PBXNativeTarget "AutoParts" */;
			buildPhases = (
				8DD76F640486A84900D96B5E /* Sources */,
				8DD76F660486A84900D96B5E /* Frameworks */,
				8DD76F690486A84900D96B5E /* CopyFiles */,
			);
			buildRules = (
			);
			dependencies = (
			);
			name = AutoParts;
			productInstallPath = "$(HOME)/bin";
			productName = AutoParts;
			productReference = 8DD76F6C0486A84900D96B5E /* AutoParts */;
			productType = "com.apple.product-type.tool";
		};
/* End PBXNativeTarget section */

/* Begin PBXProject section */
		08FB7793FE84155DC02AAC07 /* Project object */ = {
			isa = PBXProject;
			buildConfigurationList = 1DEB923508733DC60010E9CD /* Build configuration list for PBXProject "AutoParts" */;
			compatibilityVersion = "Xcode 3.1";
			developmentRegion = English;
			hasScannedForEncodings = 1;
			knownRegions = (
				English,
				Japanese,
				French,
				German,
			);
			mainGroup = 08FB7794FE84155DC02AAC07 /* AutoParts */;
			projectDirPath = "";
			projectRoot = "";
			targets = (
				8DD76F620486A84900D96B5E /* AutoParts */,
			);
		};
/* End PBXProject section */

/* Begin PBXSourcesBuildPhase section */
		8DD76F640486A84900D96B5E /* Sources */ = {
			isa = PBXSourcesBuildPhase;
			buildActionMask = 2147483647;
			files = (
				8DD76F650486A84900D96B5E /* main.cpp in Sources */,
				22293A5B128CA23900807DAE /* Alignment.cpp in Sources */,
				22293A60128CA24500807DAE /* MbRandom.cpp in Sources */,
				22293A65128CA25500807DAE /* Settings.cpp in Sources */,
				22293A73128CA3B600807DAE /* Model.cpp in Sources */,
				22293A78128CA45800807DAE /* Chunk.cpp in Sources */,
				22293AB0128CAD0800807DAE /* MbEigensystem.cpp in Sources */,
				22293AB1128CAD0800807DAE /* MbMath.cpp in Sources */,
				22293AB2128CAD0800807DAE /* MbTransitionMatrix.cpp in Sources */,
				22293AFE128CAF3000807DAE /* Parm.cpp in Sources */,
				22293AFF128CAF3000807DAE /* ParmAsrv.cpp in Sources */,
				22293B00128CAF3000807DAE /* ParmFreqs.cpp in Sources */,
				22293B01128CAF3000807DAE /* ParmLength.cpp in Sources */,
				22293B02128CAF3000807DAE /* ParmSubrates.cpp in Sources */,
				22293B03128CAF3000807DAE /* ParmTree.cpp in Sources */,
				22293B13128CAF8D00807DAE /* StateSets.cpp in Sources */,
				22293BA4128CB5DE00807DAE /* Table.cpp in Sources */,
				22293BD0128CBA2C00807DAE /* Restaurant.cpp in Sources */,
				22293C80128CCD8B00807DAE /* Mcmc.cpp in Sources */,
				22F9310512A6D9E2004E3A62 /* Partition.cpp in Sources */,
				22F9310A12A6D9F4004E3A62 /* Hungarian.cpp in Sources */,
			);
			runOnlyForDeploymentPostprocessing = 0;
		};
/* End PBXSourcesBuildPhase section */

/* Begin XCBuildConfiguration section */
		1DEB923208733DC60010E9CD /* Debug */ = {
			isa = XCBuildConfiguration;
			buildSettings = {
				ALWAYS_SEARCH_USER_PATHS = NO;
				COPY_PHASE_STRIP = NO;
				GCC_DYNAMIC_NO_PIC = NO;
				GCC_ENABLE_FIX_AND_CONTINUE = YES;
				GCC_MODEL_TUNING = G5;
				GCC_OPTIMIZATION_LEVEL = 0;
				INSTALL_PATH = /usr/local/bin;
				PRODUCT_NAME = AutoParts;
			};
			name = Debug;
		};
		1DEB923308733DC60010E9CD /* Release */ = {
			isa = XCBuildConfiguration;
			buildSettings = {
				ALWAYS_SEARCH_USER_PATHS = NO;
				DEBUG_INFORMATION_FORMAT = "dwarf-with-dsym";
				GCC_MODEL_TUNING = G5;
				INSTALL_PATH = /usr/local/bin;
				PRODUCT_NAME = AutoParts;
			};
			name = Release;
		};
		1DEB923608733DC60010E9CD /* Debug */ = {
			isa = XCBuildConfiguration;
			buildSettings = {
				ARCHS = "$(ARCHS_STANDARD_32_64_BIT)";
				GCC_C_LANGUAGE_STANDARD = gnu99;
				GCC_OPTIMIZATION_LEVEL = 0;
				GCC_WARN_ABOUT_RETURN_TYPE = YES;
				GCC_WARN_UNUSED_VARIABLE = YES;
				ONLY_ACTIVE_ARCH = YES;
				PREBINDING = NO;
				SDKROOT = macosx10.6;
			};
			name = Debug;
		};
		1DEB923708733DC60010E9CD /* Release */ = {
			isa = XCBuildConfiguration;
			buildSettings = {
				ARCHS = "$(ARCHS_STANDARD_32_64_BIT)";
				GCC_C_LANGUAGE_STANDARD = gnu99;
				GCC_WARN_ABOUT_RETURN_TYPE = YES;
				GCC_WARN_UNUSED_VARIABLE = YES;
				PREBINDING = NO;
				SDKROOT = macosx10.6;
			};
			name = Release;
		};
/* End XCBuildConfiguration section */

/* Begin XCConfigurationList section */
		1DEB923108733DC60010E9CD /* Build configuration list for PBXNativeTarget "AutoParts" */ = {
			isa = XCConfigurationList;
			buildConfigurations = (
				1DEB923208733DC60010E9CD /* Debug */,
				1DEB923308733DC60010E9CD /* Release */,
			);
			defaultConfigurationIsVisible = 0;
			defaultConfigurationName = Release;
		};
		1DEB923508733DC60010E9CD /* Build configuration list for PBXProject "AutoParts" */ = {
			isa = XCConfigurationList;
			buildConfigurations = (
				1DEB923608733DC60010E9CD /* Debug */,
				1DEB923708733DC60010E9CD /* Release */,
			);
			defaultConfigurationIsVisible = 0;
			defaultConfigurationName = Release;
		};
/* End XCConfigurationList section */
	};
	rootObject = 08FB7793FE84155DC02AAC07 /* Project object */;
}
